
Microsoft Visual Studio Solution File, Format Version 12.00
# Visual Studio Version 17
VisualStudioVersion = 17.3.32901.215
MinimumVisualStudioVersion = 10.0.40219.1
Project("{FAE04EC0-301F-11D3-BF4B-00C04F79EFBC}") = "DBFirstProyecto", "DBFirstProyecto\DBFirstProyecto.csproj", "{F6AC91E8-A1FF-422C-BDC0-6A0C50A4FA60}"
EndProject
Project("{FAE04EC0-301F-11D3-BF4B-00C04F79EFBC}") = "DAL", "DAL\DAL.csproj", "{B078A69F-B055-4458-A921-10D462FE0FE3}"
EndProject
Global
	GlobalSection(SolutionConfigurationPlatforms) = preSolution
		Debug|Any CPU = Debug|Any CPU
		Release|Any CPU = Release|Any CPU
	EndGlobalSection
	GlobalSection(ProjectConfigurationPlatforms) = postSolution
		{F6AC91E8-A1FF-422C-BDC0-6A0C50A4FA60}.Debug|Any CPU.ActiveCfg = Debug|Any CPU
		{F6AC91E8-A1FF-422C-BDC0-6A0C50A4FA60}.Debug|Any CPU.Build.0 = Debug|Any CPU
		{F6AC91E8-A1FF-422C-BDC0-6A0C50A4FA60}.Release|Any CPU.ActiveCfg = Release|Any CPU
		{F6AC91E8-A1FF-422C-BDC0-6A0C50A4FA60}.Release|Any CPU.Build.0 = Release|Any CPU
		{B078A69F-B055-4458-A921-10D462FE0FE3}.Debug|Any CPU.ActiveCfg = Debug|Any CPU
		{B078A69F-B055-4458-A921-10D462FE0FE3}.Debug|Any CPU.Build.0 = Debug|Any CPU
		{B078A69F-B055-4458-A921-10D462FE0FE3}.Release|Any CPU.ActiveCfg = Release|Any CPU
		{B078A69F-B055-4458-A921-10D462FE0FE3}.Release|Any CPU.Build.0 = Release|Any CPU
	EndGlobalSection
	GlobalSection(SolutionProperties) = preSolution
		HideSolutionNode = FALSE
	EndGlobalSection
	GlobalSection(ExtensibilityGlobals) = postSolution
		SolutionGuid = {7B643F72-8A3C-4361-A22F-343EF2A0CB17}
	EndGlobalSection
EndGlobal
